// !$*UTF8*$!
{
	archiveVersion = 1;
	classes = {
	};
	objectVersion = 51;
	objects = {

/* Begin PBXBuildFile section */
		14BEB72025AD2A6000CFB3FF /* homeViewController.swift in Sources */ = {isa = PBXBuildFile; fileRef = 14BEB71F25AD2A6000CFB3FF /* homeViewController.swift */; };
		14BEB72425AD2FA700CFB3FF /* loginViewController.swift in Sources */ = {isa = PBXBuildFile; fileRef = 14BEB72325AD2FA700CFB3FF /* loginViewController.swift */; };
		14BEB72725AD2FB600CFB3FF /* registerViewController.swift in Sources */ = {isa = PBXBuildFile; fileRef = 14BEB72625AD2FB600CFB3FF /* registerViewController.swift */; };
		14BEB78925AD541A00CFB3FF /* GoogleService-Info.plist in Resources */ = {isa = PBXBuildFile; fileRef = 14BEB78825AD541A00CFB3FF /* GoogleService-Info.plist */; };
		14BEB78C25AD569300CFB3FF /* userViewController.swift in Sources */ = {isa = PBXBuildFile; fileRef = 14BEB78B25AD569300CFB3FF /* userViewController.swift */; };
		4B25300A25AD237500AD57BF /* AppDelegate.swift in Sources */ = {isa = PBXBuildFile; fileRef = 4B25300925AD237500AD57BF /* AppDelegate.swift */; };
		4B25300C25AD237500AD57BF /* ViewController.swift in Sources */ = {isa = PBXBuildFile; fileRef = 4B25300B25AD237500AD57BF /* ViewController.swift */; };
		4B25300E25AD237500AD57BF /* Experience.rcproject in Sources */ = {isa = PBXBuildFile; fileRef = 4B25300D25AD237500AD57BF /* Experience.rcproject */; };
		4B25301125AD237500AD57BF /* Main.storyboard in Resources */ = {isa = PBXBuildFile; fileRef = 4B25300F25AD237500AD57BF /* Main.storyboard */; };
		4B25301325AD237700AD57BF /* Assets.xcassets in Resources */ = {isa = PBXBuildFile; fileRef = 4B25301225AD237700AD57BF /* Assets.xcassets */; };
		4B25301625AD237700AD57BF /* LaunchScreen.storyboard in Resources */ = {isa = PBXBuildFile; fileRef = 4B25301425AD237700AD57BF /* LaunchScreen.storyboard */; };
		54C6C477D4F1A0EA5639207D /* Pods_Nutrix.framework in Frameworks */ = {isa = PBXBuildFile; fileRef = 1F4EF25E172A90C948C4C223 /* Pods_Nutrix.framework */; };
/* End PBXBuildFile section */

/* Begin PBXFileReference section */
		12D8B4E760A6C2C05DB6C0CE /* Pods-Nutrix.debug.xcconfig */ = {isa = PBXFileReference; includeInIndex = 1; lastKnownFileType = text.xcconfig; name = "Pods-Nutrix.debug.xcconfig"; path = "Target Support Files/Pods-Nutrix/Pods-Nutrix.debug.xcconfig"; sourceTree = "<group>"; };
		14BEB71F25AD2A6000CFB3FF /* homeViewController.swift */ = {isa = PBXFileReference; lastKnownFileType = sourcecode.swift; path = homeViewController.swift; sourceTree = "<group>"; };
		14BEB72325AD2FA700CFB3FF /* loginViewController.swift */ = {isa = PBXFileReference; lastKnownFileType = sourcecode.swift; path = loginViewController.swift; sourceTree = "<group>"; };
		14BEB72625AD2FB600CFB3FF /* registerViewController.swift */ = {isa = PBXFileReference; lastKnownFileType = sourcecode.swift; path = registerViewController.swift; sourceTree = "<group>"; };
		14BEB78825AD541A00CFB3FF /* GoogleService-Info.plist */ = {isa = PBXFileReference; fileEncoding = 4; lastKnownFileType = text.plist.xml; path = "GoogleService-Info.plist"; sourceTree = "<group>"; };
		14BEB78B25AD569300CFB3FF /* userViewController.swift */ = {isa = PBXFileReference; lastKnownFileType = sourcecode.swift; path = userViewController.swift; sourceTree = "<group>"; };
		1F4EF25E172A90C948C4C223 /* Pods_Nutrix.framework */ = {isa = PBXFileReference; explicitFileType = wrapper.framework; includeInIndex = 0; path = Pods_Nutrix.framework; sourceTree = BUILT_PRODUCTS_DIR; };
		4B25300625AD237500AD57BF /* Nutrix.app */ = {isa = PBXFileReference; explicitFileType = wrapper.application; includeInIndex = 0; path = Nutrix.app; sourceTree = BUILT_PRODUCTS_DIR; };
		4B25300925AD237500AD57BF /* AppDelegate.swift */ = {isa = PBXFileReference; lastKnownFileType = sourcecode.swift; path = AppDelegate.swift; sourceTree = "<group>"; };
		4B25300B25AD237500AD57BF /* ViewController.swift */ = {isa = PBXFileReference; lastKnownFileType = sourcecode.swift; path = ViewController.swift; sourceTree = "<group>"; };
		4B25300D25AD237500AD57BF /* Experience.rcproject */ = {isa = PBXFileReference; lastKnownFileType = file.rcproject; path = Experience.rcproject; sourceTree = "<group>"; };
		4B25301025AD237500AD57BF /* Base */ = {isa = PBXFileReference; lastKnownFileType = file.storyboard; name = Base; path = Base.lproj/Main.storyboard; sourceTree = "<group>"; };
		4B25301225AD237700AD57BF /* Assets.xcassets */ = {isa = PBXFileReference; lastKnownFileType = folder.assetcatalog; path = Assets.xcassets; sourceTree = "<group>"; };
		4B25301525AD237700AD57BF /* Base */ = {isa = PBXFileReference; lastKnownFileType = file.storyboard; name = Base; path = Base.lproj/LaunchScreen.storyboard; sourceTree = "<group>"; };
		4B25301725AD237700AD57BF /* Info.plist */ = {isa = PBXFileReference; lastKnownFileType = text.plist.xml; path = Info.plist; sourceTree = "<group>"; };
		B4BCBBD4B88E7B3200651D86 /* Pods-Nutrix.release.xcconfig */ = {isa = PBXFileReference; includeInIndex = 1; lastKnownFileType = text.xcconfig; name = "Pods-Nutrix.release.xcconfig"; path = "Target Support Files/Pods-Nutrix/Pods-Nutrix.release.xcconfig"; sourceTree = "<group>"; };
/* End PBXFileReference section */

/* Begin PBXFrameworksBuildPhase section */
		4B25300325AD237500AD57BF /* Frameworks */ = {
			isa = PBXFrameworksBuildPhase;
			buildActionMask = 2147483647;
			files = (
				54C6C477D4F1A0EA5639207D /* Pods_Nutrix.framework in Frameworks */,
			);
			runOnlyForDeploymentPostprocessing = 0;
		};
/* End PBXFrameworksBuildPhase section */

/* Begin PBXGroup section */
		0893A5020A22AB23A42E0501 /* Pods */ = {
			isa = PBXGroup;
			children = (
				12D8B4E760A6C2C05DB6C0CE /* Pods-Nutrix.debug.xcconfig */,
				B4BCBBD4B88E7B3200651D86 /* Pods-Nutrix.release.xcconfig */,
			);
			path = Pods;
			sourceTree = "<group>";
		};
		14BEB72925AD301300CFB3FF /* Controllers */ = {
			isa = PBXGroup;
			children = (
				4B25300B25AD237500AD57BF /* ViewController.swift */,
				14BEB72325AD2FA700CFB3FF /* loginViewController.swift */,
				14BEB71F25AD2A6000CFB3FF /* homeViewController.swift */,
				14BEB72625AD2FB600CFB3FF /* registerViewController.swift */,
				14BEB78B25AD569300CFB3FF /* userViewController.swift */,
			);
			path = Controllers;
			sourceTree = "<group>";
		};
		4B252FFD25AD237500AD57BF = {
			isa = PBXGroup;
			children = (
				4B25300825AD237500AD57BF /* Nutrix */,
				4B25300725AD237500AD57BF /* Products */,
				0893A5020A22AB23A42E0501 /* Pods */,
				6BE338D0593C883E97672200 /* Frameworks */,
			);
			sourceTree = "<group>";
		};
		4B25300725AD237500AD57BF /* Products */ = {
			isa = PBXGroup;
			children = (
				4B25300625AD237500AD57BF /* Nutrix.app */,
			);
			name = Products;
			sourceTree = "<group>";
		};
		4B25300825AD237500AD57BF /* Nutrix */ = {
			isa = PBXGroup;
			children = (
				4B25300925AD237500AD57BF /* AppDelegate.swift */,
				4B25300D25AD237500AD57BF /* Experience.rcproject */,
				4B25300F25AD237500AD57BF /* Main.storyboard */,
				14BEB78825AD541A00CFB3FF /* GoogleService-Info.plist */,
				4B25301225AD237700AD57BF /* Assets.xcassets */,
				4B25301425AD237700AD57BF /* LaunchScreen.storyboard */,
				4B25301725AD237700AD57BF /* Info.plist */,
				14BEB72925AD301300CFB3FF /* Controllers */,
			);
			path = Nutrix;
			sourceTree = "<group>";
		};
		6BE338D0593C883E97672200 /* Frameworks */ = {
			isa = PBXGroup;
			children = (
				1F4EF25E172A90C948C4C223 /* Pods_Nutrix.framework */,
			);
			name = Frameworks;
			sourceTree = "<group>";
		};
/* End PBXGroup section */

/* Begin PBXNativeTarget section */
		4B25300525AD237500AD57BF /* Nutrix */ = {
			isa = PBXNativeTarget;
			buildConfigurationList = 4B25301A25AD237700AD57BF /* Build configuration list for PBXNativeTarget "Nutrix" */;
			buildPhases = (
				5E82813689FB40B56F0E7A5D /* [CP] Check Pods Manifest.lock */,
				4B25300225AD237500AD57BF /* Sources */,
				4B25300325AD237500AD57BF /* Frameworks */,
				4B25300425AD237500AD57BF /* Resources */,
				627A66257E00B967EC25F1DE /* [CP] Embed Pods Frameworks */,
				102D9A0B56B56331AFBFAA15 /* [CP] Copy Pods Resources */,
			);
			buildRules = (
			);
			dependencies = (
			);
			name = Nutrix;
			productName = Nutrix;
			productReference = 4B25300625AD237500AD57BF /* Nutrix.app */;
			productType = "com.apple.product-type.application";
		};
/* End PBXNativeTarget section */

/* Begin PBXProject section */
		4B252FFE25AD237500AD57BF /* Project object */ = {
			isa = PBXProject;
			attributes = {
				LastSwiftUpdateCheck = 1220;
				LastUpgradeCheck = 1220;
				TargetAttributes = {
					4B25300525AD237500AD57BF = {
						CreatedOnToolsVersion = 12.2;
					};
				};
			};
			buildConfigurationList = 4B25300125AD237500AD57BF /* Build configuration list for PBXProject "Nutrix" */;
			compatibilityVersion = "Xcode 9.3";
			developmentRegion = en;
			hasScannedForEncodings = 0;
			knownRegions = (
				en,
				Base,
			);
			mainGroup = 4B252FFD25AD237500AD57BF;
			productRefGroup = 4B25300725AD237500AD57BF /* Products */;
			projectDirPath = "";
			projectRoot = "";
			targets = (
				4B25300525AD237500AD57BF /* Nutrix */,
			);
		};
/* End PBXProject section */

/* Begin PBXResourcesBuildPhase section */
		4B25300425AD237500AD57BF /* Resources */ = {
			isa = PBXResourcesBuildPhase;
			buildActionMask = 2147483647;
			files = (
				4B25301625AD237700AD57BF /* LaunchScreen.storyboard in Resources */,
				14BEB78925AD541A00CFB3FF /* GoogleService-Info.plist in Resources */,
				4B25301325AD237700AD57BF /* Assets.xcassets in Resources */,
				4B25301125AD237500AD57BF /* Main.storyboard in Resources */,
			);
			runOnlyForDeploymentPostprocessing = 0;
		};
/* End PBXResourcesBuildPhase section */

/* Begin PBXShellScriptBuildPhase section */
		102D9A0B56B56331AFBFAA15 /* [CP] Copy Pods Resources */ = {
			isa = PBXShellScriptBuildPhase;
			buildActionMask = 2147483647;
			files = (
			);
			inputFileListPaths = (
				"${PODS_ROOT}/Target Support Files/Pods-Nutrix/Pods-Nutrix-resources-${CONFIGURATION}-input-files.xcfilelist",
			);
			name = "[CP] Copy Pods Resources";
			outputFileListPaths = (
				"${PODS_ROOT}/Target Support Files/Pods-Nutrix/Pods-Nutrix-resources-${CONFIGURATION}-output-files.xcfilelist",
			);
			runOnlyForDeploymentPostprocessing = 0;
			shellPath = /bin/sh;
			shellScript = "\"${PODS_ROOT}/Target Support Files/Pods-Nutrix/Pods-Nutrix-resources.sh\"\n";
			showEnvVarsInLog = 0;
		};
		5E82813689FB40B56F0E7A5D /* [CP] Check Pods Manifest.lock */ = {
			isa = PBXShellScriptBuildPhase;
			buildActionMask = 2147483647;
			files = (
			);
			inputFileListPaths = (
			);
			inputPaths = (
				"${PODS_PODFILE_DIR_PATH}/Podfile.lock",
				"${PODS_ROOT}/Manifest.lock",
			);
			name = "[CP] Check Pods Manifest.lock";
			outputFileListPaths = (
			);
			outputPaths = (
				"$(DERIVED_FILE_DIR)/Pods-Nutrix-checkManifestLockResult.txt",
			);
			runOnlyForDeploymentPostprocessing = 0;
			shellPath = /bin/sh;
			shellScript = "diff \"${PODS_PODFILE_DIR_PATH}/Podfile.lock\" \"${PODS_ROOT}/Manifest.lock\" > /dev/null\nif [ $? != 0 ] ; then\n    # print error to STDERR\n    echo \"error: The sandbox is not in sync with the Podfile.lock. Run 'pod install' or update your CocoaPods installation.\" >&2\n    exit 1\nfi\n# This output is used by Xcode 'outputs' to avoid re-running this script phase.\necho \"SUCCESS\" > \"${SCRIPT_OUTPUT_FILE_0}\"\n";
			showEnvVarsInLog = 0;
		};
		627A66257E00B967EC25F1DE /* [CP] Embed Pods Frameworks */ = {
			isa = PBXShellScriptBuildPhase;
			buildActionMask = 2147483647;
			files = (
			);
			inputFileListPaths = (
				"${PODS_ROOT}/Target Support Files/Pods-Nutrix/Pods-Nutrix-frameworks-${CONFIGURATION}-input-files.xcfilelist",
			);
			name = "[CP] Embed Pods Frameworks";
			outputFileListPaths = (
				"${PODS_ROOT}/Target Support Files/Pods-Nutrix/Pods-Nutrix-frameworks-${CONFIGURATION}-output-files.xcfilelist",
			);
			runOnlyForDeploymentPostprocessing = 0;
			shellPath = /bin/sh;
			shellScript = "\"${PODS_ROOT}/Target Support Files/Pods-Nutrix/Pods-Nutrix-frameworks.sh\"\n";
			showEnvVarsInLog = 0;
		};
/* End PBXShellScriptBuildPhase section */

/* Begin PBXSourcesBuildPhase section */
		4B25300225AD237500AD57BF /* Sources */ = {
			isa = PBXSourcesBuildPhase;
			buildActionMask = 2147483647;
			files = (
				4B25300C25AD237500AD57BF /* ViewController.swift in Sources */,
				4B25300A25AD237500AD57BF /* AppDelegate.swift in Sources */,
				14BEB78C25AD569300CFB3FF /* userViewController.swift in Sources */,
				4B25300E25AD237500AD57BF /* Experience.rcproject in Sources */,
				14BEB72725AD2FB600CFB3FF /* registerViewController.swift in Sources */,
				14BEB72025AD2A6000CFB3FF /* homeViewController.swift in Sources */,
				14BEB72425AD2FA700CFB3FF /* loginViewController.swift in Sources */,
			);
			runOnlyForDeploymentPostprocessing = 0;
		};
/* End PBXSourcesBuildPhase section */

/* Begin PBXVariantGroup section */
		4B25300F25AD237500AD57BF /* Main.storyboard */ = {
			isa = PBXVariantGroup;
			children = (
				4B25301025AD237500AD57BF /* Base */,
			);
			name = Main.storyboard;
			sourceTree = "<group>";
		};
		4B25301425AD237700AD57BF /* LaunchScreen.storyboard */ = {
			isa = PBXVariantGroup;
			children = (
				4B25301525AD237700AD57BF /* Base */,
			);
			name = LaunchScreen.storyboard;
			sourceTree = "<group>";
		};
/* End PBXVariantGroup section */

/* Begin XCBuildConfiguration section */
		4B25301825AD237700AD57BF /* Debug */ = {
			isa = XCBuildConfiguration;
			buildSettings = {
				ALWAYS_SEARCH_USER_PATHS = NO;
				CLANG_ANALYZER_NONNULL = YES;
				CLANG_ANALYZER_NUMBER_OBJECT_CONVERSION = YES_AGGRESSIVE;
				CLANG_CXX_LANGUAGE_STANDARD = "gnu++14";
				CLANG_CXX_LIBRARY = "libc++";
				CLANG_ENABLE_MODULES = YES;
				CLANG_ENABLE_OBJC_ARC = YES;
				CLANG_ENABLE_OBJC_WEAK = YES;
				CLANG_WARN_BLOCK_CAPTURE_AUTORELEASING = YES;
				CLANG_WARN_BOOL_CONVERSION = YES;
				CLANG_WARN_COMMA = YES;
				CLANG_WARN_CONSTANT_CONVERSION = YES;
				CLANG_WARN_DEPRECATED_OBJC_IMPLEMENTATIONS = YES;
				CLANG_WARN_DIRECT_OBJC_ISA_USAGE = YES_ERROR;
				CLANG_WARN_DOCUMENTATION_COMMENTS = YES;
				CLANG_WARN_EMPTY_BODY = YES;
				CLANG_WARN_ENUM_CONVERSION = YES;
				CLANG_WARN_INFINITE_RECURSION = YES;
				CLANG_WARN_INT_CONVERSION = YES;
				CLANG_WARN_NON_LITERAL_NULL_CONVERSION = YES;
				CLANG_WARN_OBJC_IMPLICIT_RETAIN_SELF = YES;
				CLANG_WARN_OBJC_LITERAL_CONVERSION = YES;
				CLANG_WARN_OBJC_ROOT_CLASS = YES_ERROR;
				CLANG_WARN_QUOTED_INCLUDE_IN_FRAMEWORK_HEADER = YES;
				CLANG_WARN_RANGE_LOOP_ANALYSIS = YES;
				CLANG_WARN_STRICT_PROTOTYPES = YES;
				CLANG_WARN_SUSPICIOUS_MOVE = YES;
				CLANG_WARN_UNGUARDED_AVAILABILITY = YES_AGGRESSIVE;
				CLANG_WARN_UNREACHABLE_CODE = YES;
				CLANG_WARN__DUPLICATE_METHOD_MATCH = YES;
				COPY_PHASE_STRIP = NO;
				DEBUG_INFORMATION_FORMAT = dwarf;
				ENABLE_STRICT_OBJC_MSGSEND = YES;
				ENABLE_TESTABILITY = YES;
				GCC_C_LANGUAGE_STANDARD = gnu11;
				GCC_DYNAMIC_NO_PIC = NO;
				GCC_NO_COMMON_BLOCKS = YES;
				GCC_OPTIMIZATION_LEVEL = 0;
				GCC_PREPROCESSOR_DEFINITIONS = (
					"DEBUG=1",
					"$(inherited)",
				);
				GCC_WARN_64_TO_32_BIT_CONVERSION = YES;
				GCC_WARN_ABOUT_RETURN_TYPE = YES_ERROR;
				GCC_WARN_UNDECLARED_SELECTOR = YES;
				GCC_WARN_UNINITIALIZED_AUTOS = YES_AGGRESSIVE;
				GCC_WARN_UNUSED_FUNCTION = YES;
				GCC_WARN_UNUSED_VARIABLE = YES;
				IPHONEOS_DEPLOYMENT_TARGET = 14.2;
				MTL_ENABLE_DEBUG_INFO = INCLUDE_SOURCE;
				MTL_FAST_MATH = YES;
				ONLY_ACTIVE_ARCH = YES;
				SDKROOT = iphoneos;
				SWIFT_ACTIVE_COMPILATION_CONDITIONS = DEBUG;
				SWIFT_OPTIMIZATION_LEVEL = "-Onone";
			};
			name = Debug;
		};
		4B25301925AD237700AD57BF /* Release */ = {
			isa = XCBuildConfiguration;
			buildSettings = {
				ALWAYS_SEARCH_USER_PATHS = NO;
				CLANG_ANALYZER_NONNULL = YES;
				CLANG_ANALYZER_NUMBER_OBJECT_CONVERSION = YES_AGGRESSIVE;
				CLANG_CXX_LANGUAGE_STANDARD = "gnu++14";
				CLANG_CXX_LIBRARY = "libc++";
				CLANG_ENABLE_MODULES = YES;
				CLANG_ENABLE_OBJC_ARC = YES;
				CLANG_ENABLE_OBJC_WEAK = YES;
				CLANG_WARN_BLOCK_CAPTURE_AUTORELEASING = YES;
				CLANG_WARN_BOOL_CONVERSION = YES;
				CLANG_WARN_COMMA = YES;
				CLANG_WARN_CONSTANT_CONVERSION = YES;
				CLANG_WARN_DEPRECATED_OBJC_IMPLEMENTATIONS = YES;
				CLANG_WARN_DIRECT_OBJC_ISA_USAGE = YES_ERROR;
				CLANG_WARN_DOCUMENTATION_COMMENTS = YES;
				CLANG_WARN_EMPTY_BODY = YES;
				CLANG_WARN_ENUM_CONVERSION = YES;
				CLANG_WARN_INFINITE_RECURSION = YES;
				CLANG_WARN_INT_CONVERSION = YES;
				CLANG_WARN_NON_LITERAL_NULL_CONVERSION = YES;
				CLANG_WARN_OBJC_IMPLICIT_RETAIN_SELF = YES;
				CLANG_WARN_OBJC_LITERAL_CONVERSION = YES;
				CLANG_WARN_OBJC_ROOT_CLASS = YES_ERROR;
				CLANG_WARN_QUOTED_INCLUDE_IN_FRAMEWORK_HEADER = YES;
				CLANG_WARN_RANGE_LOOP_ANALYSIS = YES;
				CLANG_WARN_STRICT_PROTOTYPES = YES;
				CLANG_WARN_SUSPICIOUS_MOVE = YES;
				CLANG_WARN_UNGUARDED_AVAILABILITY = YES_AGGRESSIVE;
				CLANG_WARN_UNREACHABLE_CODE = YES;
				CLANG_WARN__DUPLICATE_METHOD_MATCH = YES;
				COPY_PHASE_STRIP = NO;
				DEBUG_INFORMATION_FORMAT = "dwarf-with-dsym";
				ENABLE_NS_ASSERTIONS = NO;
				ENABLE_STRICT_OBJC_MSGSEND = YES;
				GCC_C_LANGUAGE_STANDARD = gnu11;
				GCC_NO_COMMON_BLOCKS = YES;
				GCC_WARN_64_TO_32_BIT_CONVERSION = YES;
				GCC_WARN_ABOUT_RETURN_TYPE = YES_ERROR;
				GCC_WARN_UNDECLARED_SELECTOR = YES;
				GCC_WARN_UNINITIALIZED_AUTOS = YES_AGGRESSIVE;
				GCC_WARN_UNUSED_FUNCTION = YES;
				GCC_WARN_UNUSED_VARIABLE = YES;
				IPHONEOS_DEPLOYMENT_TARGET = 14.2;
				MTL_ENABLE_DEBUG_INFO = NO;
				MTL_FAST_MATH = YES;
				SDKROOT = iphoneos;
				SWIFT_COMPILATION_MODE = wholemodule;
				SWIFT_OPTIMIZATION_LEVEL = "-O";
				VALIDATE_PRODUCT = YES;
			};
			name = Release;
		};
		4B25301B25AD237700AD57BF /* Debug */ = {
			isa = XCBuildConfiguration;
			baseConfigurationReference = 12D8B4E760A6C2C05DB6C0CE /* Pods-Nutrix.debug.xcconfig */;
			buildSettings = {
				ASSETCATALOG_COMPILER_APPICON_NAME = AppIcon;
				ASSETCATALOG_COMPILER_GLOBAL_ACCENT_COLOR_NAME = AccentColor;
				CODE_SIGN_STYLE = Automatic;
				DEVELOPMENT_TEAM = A9H3ZUZBG6;
				INFOPLIST_FILE = Nutrix/Info.plist;
				LD_RUNPATH_SEARCH_PATHS = (
					"$(inherited)",
					"@executable_path/Frameworks",
				);
				PRODUCT_BUNDLE_IDENTIFIER = com.XuAutomation.Nutrix;
				PRODUCT_NAME = "$(TARGET_NAME)";
				SWIFT_VERSION = 5.0;
				TARGETED_DEVICE_FAMILY = "1,2";
			};
			name = Debug;
		};
		4B25301C25AD237700AD57BF /* Release */ = {
			isa = XCBuildConfiguration;
			baseConfigurationReference = B4BCBBD4B88E7B3200651D86 /* Pods-Nutrix.release.xcconfig */;
			buildSettings = {
				ASSETCATALOG_COMPILER_APPICON_NAME = AppIcon;
				ASSETCATALOG_COMPILER_GLOBAL_ACCENT_COLOR_NAME = AccentColor;
				CODE_SIGN_STYLE = Automatic;
				DEVELOPMENT_TEAM = A9H3ZUZBG6;
				INFOPLIST_FILE = Nutrix/Info.plist;
				LD_RUNPATH_SEARCH_PATHS = (
					"$(inherited)",
					"@executable_path/Frameworks",
				);
				PRODUCT_BUNDLE_IDENTIFIER = com.XuAutomation.Nutrix;
				PRODUCT_NAME = "$(TARGET_NAME)";
				SWIFT_VERSION = 5.0;
				TARGETED_DEVICE_FAMILY = "1,2";
			};
			name = Release;
		};
/* End XCBuildConfiguration section */

/* Begin XCConfigurationList section */
		4B25300125AD237500AD57BF /* Build configuration list for PBXProject "Nutrix" */ = {
			isa = XCConfigurationList;
			buildConfigurations = (
				4B25301825AD237700AD57BF /* Debug */,
				4B25301925AD237700AD57BF /* Release */,
			);
			defaultConfigurationIsVisible = 0;
			defaultConfigurationName = Release;
		};
		4B25301A25AD237700AD57BF /* Build configuration list for PBXNativeTarget "Nutrix" */ = {
			isa = XCConfigurationList;
			buildConfigurations = (
				4B25301B25AD237700AD57BF /* Debug */,
				4B25301C25AD237700AD57BF /* Release */,
			);
			defaultConfigurationIsVisible = 0;
			defaultConfigurationName = Release;
		};
/* End XCConfigurationList section */
	};
	rootObject = 4B252FFE25AD237500AD57BF /* Project object */;
}
